
Microsoft Visual Studio Solution File, Format Version 12.00
# Visual Studio Version 17
VisualStudioVersion = 17.14.36202.13 d17.14
MinimumVisualStudioVersion = 10.0.40219.1
Project("{FAE04EC0-301F-11D3-BF4B-00C04F79EFBC}") = "OAuthApi", "OAuthApi\OAuthApi.csproj", "{4EE6E692-6420-477B-A20C-303B1A63FC84}"
EndProject
Global
	GlobalSection(SolutionConfigurationPlatforms) = preSolution
		Debug|Any CPU = Debug|Any CPU
		Release|Any CPU = Release|Any CPU
	EndGlobalSection
	GlobalSection(ProjectConfigurationPlatforms) = postSolution
		{4EE6E692-6420-477B-A20C-303B1A63FC84}.Debug|Any CPU.ActiveCfg = Debug|Any CPU
		{4EE6E692-6420-477B-A20C-303B1A63FC84}.Debug|Any CPU.Build.0 = Debug|Any CPU
		{4EE6E692-6420-477B-A20C-303B1A63FC84}.Release|Any CPU.ActiveCfg = Release|Any CPU
		{4EE6E692-6420-477B-A20C-303B1A63FC84}.Release|Any CPU.Build.0 = Release|Any CPU
	EndGlobalSection
	GlobalSection(SolutionProperties) = preSolution
		HideSolutionNode = FALSE
	EndGlobalSection
	GlobalSection(ExtensibilityGlobals) = postSolution
		SolutionGuid = {D46D4537-323E-43BB-9BB7-EC35FD426BCC}
	EndGlobalSection
EndGlobal
